
Microsoft Visual Studio Solution File, Format Version 12.00
# Visual Studio Version 16
VisualStudioVersion = 16.0.29306.81
MinimumVisualStudioVersion = 10.0.40219.1
Project("{9A19103F-16F7-4668-BE54-9A1E7A4F7556}") = "Example", "Example\Example.csproj", "{401740BA-B2D5-4DB5-8AFA-2BE72AEB800A}"
EndProject
Project("{FAE04EC0-301F-11D3-BF4B-00C04F79EFBC}") = "IM871A", "IM871A\IM871A.csproj", "{B3308E5D-2F32-46DA-BAA6-FDB590A42F3C}"
EndProject
Global
	GlobalSection(SolutionConfigurationPlatforms) = preSolution
		Debug|Any CPU = Debug|Any CPU
		Release|Any CPU = Release|Any CPU
	EndGlobalSection
	GlobalSection(ProjectConfigurationPlatforms) = postSolution
		{401740BA-B2D5-4DB5-8AFA-2BE72AEB800A}.Debug|Any CPU.ActiveCfg = Debug|Any CPU
		{401740BA-B2D5-4DB5-8AFA-2BE72AEB800A}.Debug|Any CPU.Build.0 = Debug|Any CPU
		{401740BA-B2D5-4DB5-8AFA-2BE72AEB800A}.Release|Any CPU.ActiveCfg = Release|Any CPU
		{401740BA-B2D5-4DB5-8AFA-2BE72AEB800A}.Release|Any CPU.Build.0 = Release|Any CPU
		{B3308E5D-2F32-46DA-BAA6-FDB590A42F3C}.Debug|Any CPU.ActiveCfg = Debug|Any CPU
		{B3308E5D-2F32-46DA-BAA6-FDB590A42F3C}.Debug|Any CPU.Build.0 = Debug|Any CPU
		{B3308E5D-2F32-46DA-BAA6-FDB590A42F3C}.Release|Any CPU.ActiveCfg = Release|Any CPU
		{B3308E5D-2F32-46DA-BAA6-FDB590A42F3C}.Release|Any CPU.Build.0 = Release|Any CPU
	EndGlobalSection
	GlobalSection(SolutionProperties) = preSolution
		HideSolutionNode = FALSE
	EndGlobalSection
	GlobalSection(ExtensibilityGlobals) = postSolution
		SolutionGuid = {091DEB55-88F7-4237-8C00-90D5E9E4BA48}
	EndGlobalSection
EndGlobal
